
Microsoft Visual Studio Solution File, Format Version 12.00
# Visual Studio 15
VisualStudioVersion = 15.0.28307.960
MinimumVisualStudioVersion = 10.0.40219.1
Project("{FAE04EC0-301F-11D3-BF4B-00C04F79EFBC}") = "Jenkins_UnitTetProjet", "Jenkins_UnitTetProjet\Jenkins_UnitTetProjet.csproj", "{23238EC5-A5D3-4611-894E-A93130957BFA}"
EndProject
Global
	GlobalSection(SolutionConfigurationPlatforms) = preSolution
		Debug|Any CPU = Debug|Any CPU
		Release|Any CPU = Release|Any CPU
	EndGlobalSection
	GlobalSection(ProjectConfigurationPlatforms) = postSolution
		{23238EC5-A5D3-4611-894E-A93130957BFA}.Debug|Any CPU.ActiveCfg = Debug|Any CPU
		{23238EC5-A5D3-4611-894E-A93130957BFA}.Debug|Any CPU.Build.0 = Debug|Any CPU
		{23238EC5-A5D3-4611-894E-A93130957BFA}.Release|Any CPU.ActiveCfg = Release|Any CPU
		{23238EC5-A5D3-4611-894E-A93130957BFA}.Release|Any CPU.Build.0 = Release|Any CPU
	EndGlobalSection
	GlobalSection(SolutionProperties) = preSolution
		HideSolutionNode = FALSE
	EndGlobalSection
	GlobalSection(ExtensibilityGlobals) = postSolution
		SolutionGuid = {8A0BDAD4-44EC-4B3B-8A42-69F1D2BDA482}
	EndGlobalSection
EndGlobal
